
Microsoft Visual Studio Solution File, Format Version 12.00
# Visual Studio Version 16
VisualStudioVersion = 16.0.28803.202
MinimumVisualStudioVersion = 10.0.40219.1
Project("{FAE04EC0-301F-11D3-BF4B-00C04F79EFBC}") = "Growing3", "Growing3\Growing3.csproj", "{D026DA41-9E55-4299-BB70-4DBC45596520}"
EndProject
Global
	GlobalSection(SolutionConfigurationPlatforms) = preSolution
		Debug|Any CPU = Debug|Any CPU
		Release|Any CPU = Release|Any CPU
	EndGlobalSection
	GlobalSection(ProjectConfigurationPlatforms) = postSolution
		{D026DA41-9E55-4299-BB70-4DBC45596520}.Debug|Any CPU.ActiveCfg = Debug|Any CPU
		{D026DA41-9E55-4299-BB70-4DBC45596520}.Debug|Any CPU.Build.0 = Debug|Any CPU
		{D026DA41-9E55-4299-BB70-4DBC45596520}.Release|Any CPU.ActiveCfg = Release|Any CPU
		{D026DA41-9E55-4299-BB70-4DBC45596520}.Release|Any CPU.Build.0 = Release|Any CPU
	EndGlobalSection
	GlobalSection(SolutionProperties) = preSolution
		HideSolutionNode = FALSE
	EndGlobalSection
	GlobalSection(ExtensibilityGlobals) = postSolution
		SolutionGuid = {662471B9-2666-4872-B4FA-7DBB9B8AFA36}
	EndGlobalSection
EndGlobal
